
Microsoft Visual Studio Solution File, Format Version 12.00
# Visual Studio Version 17
VisualStudioVersion = 17.2.32516.85
MinimumVisualStudioVersion = 10.0.40219.1
Project("{FAE04EC0-301F-11D3-BF4B-00C04F79EFBC}") = "Collections_Demo", "Collections_Demo.csproj", "{F50C0073-D556-4C93-9C15-6CEB7DCC3D78}"
EndProject
Global
	GlobalSection(SolutionConfigurationPlatforms) = preSolution
		Debug|Any CPU = Debug|Any CPU
		Release|Any CPU = Release|Any CPU
	EndGlobalSection
	GlobalSection(ProjectConfigurationPlatforms) = postSolution
		{F50C0073-D556-4C93-9C15-6CEB7DCC3D78}.Debug|Any CPU.ActiveCfg = Debug|Any CPU
		{F50C0073-D556-4C93-9C15-6CEB7DCC3D78}.Debug|Any CPU.Build.0 = Debug|Any CPU
		{F50C0073-D556-4C93-9C15-6CEB7DCC3D78}.Release|Any CPU.ActiveCfg = Release|Any CPU
		{F50C0073-D556-4C93-9C15-6CEB7DCC3D78}.Release|Any CPU.Build.0 = Release|Any CPU
	EndGlobalSection
	GlobalSection(SolutionProperties) = preSolution
		HideSolutionNode = FALSE
	EndGlobalSection
	GlobalSection(ExtensibilityGlobals) = postSolution
		SolutionGuid = {B8348C11-4405-4FCC-A099-B41B2DB8DBE6}
	EndGlobalSection
EndGlobal
